[[dependencies]]
name = "@openzeppelin-contracts"
version = "5.6.1"
url = "https://soldeer-revisions.s3.amazonaws.com/@openzeppelin-contracts/5_6_1_15-03-2026_09:19:50_contracts.zip"
checksum = "a3b6bc661be858c7c27f60a1708cbebe8c71034b4cc1e9fe270d0a05b069352f"
integrity = "bce03af7ada1eee21a7fff393f238bcd7cd75a022a4db55ffb6b0dbb32433d35"

[[dependencies]]
name = "@openzeppelin-contracts-upgradeable"
version = "5.6.1"
url = "https://soldeer-revisions.s3.amazonaws.com/@openzeppelin-contracts-upgradeable/5_6_1_15-03-2026_09:19:56_contracts-upgradeable.zip"
checksum = "f6257dbc993c2499fe08fdc93f66e12459fe3458ee62ce716b92e1d95ee0b504"
integrity = "2f539b6241258fc3c127c97225b3cb1b5e9225e422d2c1cb233c52a6f5c29002"

[[dependencies]]
name = "forge-std"
version = "1.16.1"
url = "https://soldeer-revisions.s3.amazonaws.com/forge-std/1_16_1_08-05-2026_08:51:16_forge-std-1.16.zip"
checksum = "839b61832925c7152c7b6dffbfa4998d9e606211179bd8f604733124e8a7cb57"
integrity = "60e55d10150354ca4a1e2985c5456c834b92b82ef85ab0e1d92a7786cddbd219"

[[dependencies]]
name = "rain-extrospection"
version = "0.1.1"
url = "https://soldeer-revisions.s3.amazonaws.com/rain-extrospection/0_1_1_20-05-2026_13:01:40_rain.zip"
checksum = "c2d1ad4b6a749a788616535635c8a19bbe61e514ecc907291ff270a67f832aed"
integrity = "aa7366cac7d9c7610350a49b8126c667d83812a974539e79ccd38a5577cd626b"

[[dependencies]]
name = "rain-factory"
version = "0.1.5"
url = "https://soldeer-revisions.s3.amazonaws.com/rain-factory/0_1_5_12-07-2026_14:01:52_rain.zip"
checksum = "31f5ac857d16b8dad27eec11218a338ce13721114b0514b05e500b14edf8ce80"
integrity = "6e6eb9dc5174068e39d6ac80981210723088dde56c9cb0925ffe657ba3154cbc"

[[dependencies]]
name = "rain-flare"
version = "0.1.2"
url = "https://soldeer-revisions.s3.amazonaws.com/rain-flare/0_1_2_14-05-2026_20:11:33_rain.zip"
checksum = "4e0902d8987d805bfb1680781ebf2564b624ec279c270dfd4aaa5a524a1d6e85"
integrity = "5c626ce190137342ea1f1eeb5b894d0f3bffaa1a6b677c11d6e4e78f33f19480"

[[dependencies]]
name = "rain-math-fixedpoint"
version = "0.2.0"
url = "https://soldeer-revisions.s3.amazonaws.com/rain-math-fixedpoint/0_2_0_09-05-2026_21:16:31_rain.math.zip"
checksum = "dd24665a7c3bc82878fdbcfe5ea8efe8471ec9c8546615dc94debc38529117d9"
integrity = "81a144050f76b662c91f1611ec18f41dce0994208617123cde80aad2fc9b441c"

[[dependencies]]
name = "rain-math-float"
version = "0.1.1"
url = "https://soldeer-revisions.s3.amazonaws.com/rain-math-float/0_1_1_13-05-2026_13:48:34_rain.math.zip"
checksum = "322956f272ae3073ee02b0e7301b8834f08f2de62bcd6c309c44e946d7cd7056"
integrity = "dccdd4406a37db6af690872b805084a7dbe5211c57961a61ef083a7912ddbdc9"

[[dependencies]]
name = "rain-string"
version = "0.2.0"
url = "https://soldeer-revisions.s3.amazonaws.com/rain-string/0_2_0_09-05-2026_21:16:31_rain.zip"
checksum = "847b9366128c5dcc5849c6938ae7ac92561ed8185bf304f1b1eb9ef59d77954e"
integrity = "7cb6ee638b59b840ea59e014e2610fdccc30a1593e763590e298314f00700561"

[[dependencies]]
name = "rain-vats"
version = "0.1.7"
url = "https://soldeer-revisions.s3.amazonaws.com/rain-vats/0_1_7_12-07-2026_16:32:50_rain.zip"
checksum = "05a99d527c172e2231936248f868902063bf598bb376d22750e9db2cd7a1a678"
integrity = "c58bcd75b69558d32b9a11ac830707c9b4a427f6e518b80e3cec5e255765b6e7"

[[dependencies]]
name = "rain-verify-interface"
version = "0.1.0"
url = "https://soldeer-revisions.s3.amazonaws.com/rain-verify-interface/0_1_0_14-05-2026_09:35:51_rain.verify.zip"
checksum = "780098e43c6f07d4fb020e2c3c72e1f5f4836eec6ccfeb1eb34646b664188e89"
integrity = "f2bcbeb84854cb1f628e2f3cd79cce0444ee21010b4dc368c0410acd17261074"

[[dependencies]]
name = "solady"
version = "0.1.26"
url = "https://soldeer-revisions.s3.amazonaws.com/solady/0_1_26_25-08-2025_15:30:06_solady.zip"
checksum = "9872ac7cfd32c1eba32800508a1325c49f4a4aa8c6f670454db91971a583e26b"
integrity = "5da4b5ca9cbad98812a4b75ad528ff34c72a0b84433204be6d1420c81de1d6ff"
